{
  "version": 1,
  "dependencies": {
    "native,Version=v0.0": {
      "Microsoft.JavaScript.Hermes": {
        "type": "Direct",
        "requested": "[0.1.27, )",
        "resolved": "0.1.27",
        "contentHash": "o4YBxD3yVaDfB7ccauyIIcUL3Q+k2C7dv3F9ODkMzUIL/lZBe44BiB2qdw/jchBD3ByUaC/kK3Lm/SW59V1A/w=="
      },
      "Microsoft.UI.Xaml": {
        "type": "Direct",
        "requested": "[2.8.0, )",
        "resolved": "2.8.0",
        "contentHash": "vxdHxTr63s5KVtNddMFpgvjBjUH50z7seq/5jLWmmSuf8poxg+sXrywkofUdE8ZstbpO9y3FL/IXXUcPYbeesA==",
        "dependencies": {
          "Microsoft.Web.WebView2": "1.0.1264.42"
        }
      },
      "Microsoft.Windows.CppWinRT": {
        "type": "Direct",
        "requested": "[2.0.211028.7, )",
        "resolved": "2.0.211028.7",
        "contentHash": "JBGI0c3WLoU6aYJRy9Qo0MLDQfObEp+d4nrhR95iyzf7+HOgjRunHDp/6eGFREd7xq3OI1mll9ecJrMfzBvlyg=="
      },
      "boost": {
        "type": "Transitive",
        "resolved": "1.83.0",
        "contentHash": "cy53VNMzysEMvhBixDe8ujPk67Fcj3v6FPHQnH91NYJNLHpc6jxa2xq9ruCaaJjE4M3YrGSHDi4uUSTGBWw6EQ=="
      },
      "Microsoft.Net.Native.Compiler": {
        "type": "Transitive",
        "resolved": "2.2.10-rel-29722-00",
        "contentHash": "zhPr5WeW8JQnt83lC0EM2kpp6zsKQQV9zQO48mh+f6aaK/eT8Zj/K7kmJ60KgP+WgWTfVGmrSp2TARd70jd62g==",
        "dependencies": {
          "runtime.win10-arm.Microsoft.Net.Native.Compiler": "2.2.10-rel-29722-00",
          "runtime.win10-arm64.Microsoft.Net.Native.Compiler": "2.2.10-rel-29722-00",
          "runtime.win10-x64.Microsoft.Net.Native.Compiler": "2.2.10-rel-29722-00",
          "runtime.win10-x86.Microsoft.Net.Native.Compiler": "2.2.10-rel-29722-00"
        }
      },
      "Microsoft.Net.UWPCoreRuntimeSdk": {
        "type": "Transitive",
        "resolved": "2.2.12",
        "contentHash": "IRpFXnKUrate/hZmDPhZv3ECd+q2Q/iD+NQ9oEd0JVQfvypxclAjeZr1mMggxF9eN6KWl9zBXIydxqD2yrt6vw==",
        "dependencies": {
          "runtime.win10-arm.Microsoft.Net.UWPCoreRuntimeSdk": "2.2.12",
          "runtime.win10-x64.Microsoft.Net.UWPCoreRuntimeSdk": "2.2.12",
          "runtime.win10-x86.Microsoft.Net.UWPCoreRuntimeSdk": "2.2.12"
        }
      },
      "Microsoft.NETCore.Platforms": {
        "type": "Transitive",
        "resolved": "2.1.0",
        "contentHash": "ok+RPAtESz/9MUXeIEz6Lv5XAGQsaNmEYXMsgVALj4D7kqC8gveKWXWXbufLySR2fWrwZf8smyN5RmHu0e4BHA=="
      },
      "Microsoft.NETCore.UniversalWindowsPlatform": {
        "type": "Transitive",
        "resolved": "6.2.12",
        "contentHash": "df3mwtb9FHbMNE9ddOqNQVdK5S2CQc/i+jWsYfiJxBkq0V+uVmRw/VicTeHRf+cQgEcSynnkOg7xgqQJSifb7w==",
        "dependencies": {
          "Microsoft.NETCore.Platforms": "2.1.0",
          "Microsoft.Net.Native.Compiler": "2.2.10-rel-29722-00",
          "Microsoft.Net.UWPCoreRuntimeSdk": "2.2.12",
          "NETStandard.Library": "2.0.3"
        }
      },
      "Microsoft.Web.WebView2": {
        "type": "Transitive",
        "resolved": "1.0.1264.42",
        "contentHash": "7OBUTkzQ5VI/3gb0ufi5U4zjuCowAJwQg2li0zXXzqkM+S1kmOlivTy1R4jAW+gY5Vyg510M+qMAESCQUjrfgA=="
      },
      "NETStandard.Library": {
        "type": "Transitive",
        "resolved": "2.0.3",
        "contentHash": "st47PosZSHrjECdjeIzZQbzivYBJFv6P2nv4cj2ypdI204DO+vZ7l5raGMiX4eXMJ53RfOIg+/s4DHVZ54Nu2A==",
        "dependencies": {
          "Microsoft.NETCore.Platforms": "1.1.0"
        }
      },
      "runtime.win10-arm.Microsoft.Net.Native.Compiler": {
        "type": "Transitive",
        "resolved": "2.2.10-rel-29722-00",
        "contentHash": "MRdlU6RC5zHeX+fqqotY8tvr6uCDJztpvj8eJ+b0S8nmmGJmYs2qO/j4vzodmlHF374rUt78b8tT6vb9ehxmcQ==",
        "dependencies": {
          "runtime.win10-arm.Microsoft.Net.Native.SharedLibrary": "2.2.8-rel-29722-00"
        }
      },
      "runtime.win10-arm.Microsoft.Net.Native.SharedLibrary": {
        "type": "Transitive",
        "resolved": "2.2.8-rel-29722-00",
        "contentHash": "v55o4C2ps+Cp32oWn5ugVq0Ztc72ykpFCsCc/oO6Y5UwDkZ9txmgPjas9LUVJzFduhw1Cj0XehTaLyVHoETC+w=="
      },
      "runtime.win10-arm.Microsoft.Net.UWPCoreRuntimeSdk": {
        "type": "Transitive",
        "resolved": "2.2.12",
        "contentHash": "YX12L3el/LKr/+51sCsWivbdk1r5Zl1Fta8pQOyxAawbfTDdPATeGv4deBkB6DpEK1yu/ADa6X0ujopz6lzWmw=="
      },
      "runtime.win10-arm64.Microsoft.Net.Native.Compiler": {
        "type": "Transitive",
        "resolved": "2.2.10-rel-29722-00",
        "contentHash": "ZF/ualE2u58JjIGT0MUA4glqFzx8fQCRksm+LnCzQSUzlr6VlH//zBqRJMB77K8WLxSPDB4lIV5K0tvTtBnqoA==",
        "dependencies": {
          "runtime.win10-arm64.Microsoft.Net.Native.SharedLibrary": "2.2.8-rel-29722-00"
        }
      },
      "runtime.win10-arm64.Microsoft.Net.Native.SharedLibrary": {
        "type": "Transitive",
        "resolved": "2.2.8-rel-29722-00",
        "contentHash": "IfrQPttlUx2fQTRsYNeF8ZpQAYmQOfcwSwTPvEXhMDVSRo2tjvi10jOiF4RxNX6Y+2plp/kkgJ/GgME8t1Jtvw=="
      },
      "runtime.win10-x64.Microsoft.Net.Native.Compiler": {
        "type": "Transitive",
        "resolved": "2.2.10-rel-29722-00",
        "contentHash": "arU9AO6QIrVSRBV83+6jgbNXWe/oTGGeVtHZzb86TPezeEVOWDp+40m4YrBp/L90G0yDrUlt1ekZuwYFUawc8Q==",
        "dependencies": {
          "runtime.win10-x64.Microsoft.Net.Native.SharedLibrary": "2.2.8-rel-29722-00"
        }
      },
      "runtime.win10-x64.Microsoft.Net.Native.SharedLibrary": {
        "type": "Transitive",
        "resolved": "2.2.8-rel-29722-00",
        "contentHash": "tyHCWyzJccI/NsSYmQTq6HUPi4MVhbYMLD3JV58nGBrLzyJhva9JrZxQdwEmaMuI7j6l1fdcgsPlf/jRknZerw=="
      },
      "runtime.win10-x64.Microsoft.Net.UWPCoreRuntimeSdk": {
        "type": "Transitive",
        "resolved": "2.2.12",
        "contentHash": "hlbwt6KW5A+pCgDiBYt5BrTfSDZgsVuKeq4uMARX5j95otN2mrbyRT9WtV82tiW6sh4YCXvjiFVb9O57x0HrDg=="
      },
      "runtime.win10-x86.Microsoft.Net.Native.Compiler": {
        "type": "Transitive",
        "resolved": "2.2.10-rel-29722-00",
        "contentHash": "/FwdIs704RTEkxdXEJ/UDPk0MGo951TPhxAAiQVeGPn13crroZr+LHjRvbhfHnv6Sl1aHglhLB+5FxClsHOTCw==",
        "dependencies": {
          "runtime.win10-x86.Microsoft.Net.Native.SharedLibrary": "2.2.8-rel-29722-00"
        }
      },
      "runtime.win10-x86.Microsoft.Net.Native.SharedLibrary": {
        "type": "Transitive",
        "resolved": "2.2.8-rel-29722-00",
        "contentHash": "6GJiLd77ikW+coegj6QsHslJ3RtvsM0BlVw78EPNdvS9B2UKZHocShI2UvboV/vrg0A+2/v66KtY1xVEIRa+qQ=="
      },
      "runtime.win10-x86.Microsoft.Net.UWPCoreRuntimeSdk": {
        "type": "Transitive",
        "resolved": "2.2.12",
        "contentHash": "saSRotvYwwuShD6MGVrv5v3lKdlvimzxUHi8yTnXapgPCFwu5j+sIFhC+yy02ZK8zkBSUIFjEtFeXb/PpltqIg=="
      },
      "clipboard": {
        "type": "Project",
        "dependencies": {
          "Microsoft.ReactNative": "[1.0.0, )",
          "Microsoft.UI.Xaml": "[2.8.0, )"
        }
      },
      "common": {
        "type": "Project",
        "dependencies": {
          "boost": "[1.83.0, )"
        }
      },
      "fmt": {
        "type": "Project"
      },
      "folly": {
        "type": "Project",
        "dependencies": {
          "Fmt": "[1.0.0, )",
          "boost": "[1.83.0, )"
        }
      },
      "microsoft.reactnative": {
        "type": "Project",
        "dependencies": {
          "Common": "[1.0.0, )",
          "Folly": "[1.0.0, )",
          "Microsoft.JavaScript.Hermes": "[0.1.27, )",
          "Microsoft.UI.Xaml": "[2.8.0, )",
          "ReactCommon": "[1.0.0, )",
          "boost": "[1.83.0, )"
        }
      },
      "microsoft.reactnative.managed": {
        "type": "Project",
        "dependencies": {
          "Microsoft.NETCore.UniversalWindowsPlatform": "[6.2.9, )",
          "Microsoft.ReactNative": "[1.0.0, )"
        }
      },
      "rctpdf": {
        "type": "Project",
        "dependencies": {
          "Microsoft.ReactNative": "[1.0.0, )",
          "Microsoft.UI.Xaml": "[2.8.0, )"
        }
      },
      "reactcommon": {
        "type": "Project",
        "dependencies": {
          "Folly": "[1.0.0, )",
          "boost": "[1.83.0, )"
        }
      },
      "reactnativeasyncstorage": {
        "type": "Project",
        "dependencies": {
          "Microsoft.ReactNative": "[1.0.0, )",
          "Microsoft.UI.Xaml": "[2.8.0, )"
        }
      },
      "reactnativeblobutil": {
        "type": "Project",
        "dependencies": {
          "Microsoft.ReactNative": "[1.0.0, )",
          "Microsoft.UI.Xaml": "[2.8.0, )"
        }
      },
      "reactnativedocumentpicker": {
        "type": "Project",
        "dependencies": {
          "Microsoft.NETCore.UniversalWindowsPlatform": "[6.2.12, )",
          "Microsoft.ReactNative": "[1.0.0, )",
          "Microsoft.ReactNative.Managed": "[1.0.0, )"
        }
      },
      "rnscreens": {
        "type": "Project",
        "dependencies": {
          "Microsoft.ReactNative": "[1.0.0, )",
          "Microsoft.UI.Xaml": "[2.8.0, )"
        }
      }
    },
    "native,Version=v0.0/win10-arm": {
      "Microsoft.NETCore.UniversalWindowsPlatform": {
        "type": "Transitive",
        "resolved": "6.2.12",
        "contentHash": "df3mwtb9FHbMNE9ddOqNQVdK5S2CQc/i+jWsYfiJxBkq0V+uVmRw/VicTeHRf+cQgEcSynnkOg7xgqQJSifb7w==",
        "dependencies": {
          "Microsoft.NETCore.Platforms": "2.1.0",
          "Microsoft.Net.Native.Compiler": "2.2.10-rel-29722-00",
          "Microsoft.Net.UWPCoreRuntimeSdk": "2.2.12",
          "NETStandard.Library": "2.0.3",
          "runtime.win10-arm.Microsoft.NETCore.UniversalWindowsPlatform": "6.2.12"
        }
      },
      "Microsoft.Web.WebView2": {
        "type": "Transitive",
        "resolved": "1.0.1264.42",
        "contentHash": "7OBUTkzQ5VI/3gb0ufi5U4zjuCowAJwQg2li0zXXzqkM+S1kmOlivTy1R4jAW+gY5Vyg510M+qMAESCQUjrfgA=="
      },
      "runtime.win10-arm.Microsoft.NETCore.UniversalWindowsPlatform": {
        "type": "Transitive",
        "resolved": "6.2.12",
        "contentHash": "3hGJ7Zxl7EKFME2bHR2EQKaZpFDL5pV0O5tq6PLamsuLOE3FoESCOQKXwB968mrxfrqoGofaMTb0AtLhB1krhQ=="
      }
    },
    "native,Version=v0.0/win10-arm-aot": {
      "Microsoft.NETCore.UniversalWindowsPlatform": {
        "type": "Transitive",
        "resolved": "6.2.12",
        "contentHash": "df3mwtb9FHbMNE9ddOqNQVdK5S2CQc/i+jWsYfiJxBkq0V+uVmRw/VicTeHRf+cQgEcSynnkOg7xgqQJSifb7w==",
        "dependencies": {
          "Microsoft.NETCore.Platforms": "2.1.0",
          "Microsoft.Net.Native.Compiler": "2.2.10-rel-29722-00",
          "Microsoft.Net.UWPCoreRuntimeSdk": "2.2.12",
          "NETStandard.Library": "2.0.3",
          "runtime.win10-arm-aot.Microsoft.NETCore.UniversalWindowsPlatform": "6.2.12"
        }
      },
      "Microsoft.Web.WebView2": {
        "type": "Transitive",
        "resolved": "1.0.1264.42",
        "contentHash": "7OBUTkzQ5VI/3gb0ufi5U4zjuCowAJwQg2li0zXXzqkM+S1kmOlivTy1R4jAW+gY5Vyg510M+qMAESCQUjrfgA=="
      },
      "runtime.win10-arm-aot.Microsoft.NETCore.UniversalWindowsPlatform": {
        "type": "Transitive",
        "resolved": "6.2.12",
        "contentHash": "UkDORhMlESh/tiDICv3shSM+rFQxjCbWKlM9K+ld08hNPVOYBqqHo/e8kkXZTXXNrre4L2ChYnKCAYuoWd/sLg=="
      }
    },
    "native,Version=v0.0/win10-arm64-aot": {
      "Microsoft.NETCore.UniversalWindowsPlatform": {
        "type": "Transitive",
        "resolved": "6.2.12",
        "contentHash": "df3mwtb9FHbMNE9ddOqNQVdK5S2CQc/i+jWsYfiJxBkq0V+uVmRw/VicTeHRf+cQgEcSynnkOg7xgqQJSifb7w==",
        "dependencies": {
          "Microsoft.NETCore.Platforms": "2.1.0",
          "Microsoft.Net.Native.Compiler": "2.2.10-rel-29722-00",
          "Microsoft.Net.UWPCoreRuntimeSdk": "2.2.12",
          "NETStandard.Library": "2.0.3",
          "runtime.win10-arm64-aot.Microsoft.NETCore.UniversalWindowsPlatform": "6.2.12"
        }
      },
      "Microsoft.Web.WebView2": {
        "type": "Transitive",
        "resolved": "1.0.1264.42",
        "contentHash": "7OBUTkzQ5VI/3gb0ufi5U4zjuCowAJwQg2li0zXXzqkM+S1kmOlivTy1R4jAW+gY5Vyg510M+qMAESCQUjrfgA=="
      },
      "runtime.win10-arm64-aot.Microsoft.NETCore.UniversalWindowsPlatform": {
        "type": "Transitive",
        "resolved": "6.2.12",
        "contentHash": "bo3TcaIGExe95KO4wiTm4+RfYyezzXY7IOZ6V4d33rAixJT7PN4zxN9STcaGSYVQeeAznZ2Q3L7mqF63kWPrJQ=="
      }
    },
    "native,Version=v0.0/win10-x64": {
      "Microsoft.NETCore.UniversalWindowsPlatform": {
        "type": "Transitive",
        "resolved": "6.2.12",
        "contentHash": "df3mwtb9FHbMNE9ddOqNQVdK5S2CQc/i+jWsYfiJxBkq0V+uVmRw/VicTeHRf+cQgEcSynnkOg7xgqQJSifb7w==",
        "dependencies": {
          "Microsoft.NETCore.Platforms": "2.1.0",
          "Microsoft.Net.Native.Compiler": "2.2.10-rel-29722-00",
          "Microsoft.Net.UWPCoreRuntimeSdk": "2.2.12",
          "NETStandard.Library": "2.0.3",
          "runtime.win10-x64.Microsoft.NETCore.UniversalWindowsPlatform": "6.2.12"
        }
      },
      "Microsoft.Web.WebView2": {
        "type": "Transitive",
        "resolved": "1.0.1264.42",
        "contentHash": "7OBUTkzQ5VI/3gb0ufi5U4zjuCowAJwQg2li0zXXzqkM+S1kmOlivTy1R4jAW+gY5Vyg510M+qMAESCQUjrfgA=="
      },
      "runtime.win10-x64.Microsoft.NETCore.UniversalWindowsPlatform": {
        "type": "Transitive",
        "resolved": "6.2.12",
        "contentHash": "WkP2v+UV+S9Eaxw/IIwZSafjeX1/U2AJaBr3X+xpcBYu2s8136Z25LCHRQS4lSNFrXbOzV3xefHiIFFD53Jt4Q=="
      }
    },
    "native,Version=v0.0/win10-x64-aot": {
      "Microsoft.NETCore.UniversalWindowsPlatform": {
        "type": "Transitive",
        "resolved": "6.2.12",
        "contentHash": "df3mwtb9FHbMNE9ddOqNQVdK5S2CQc/i+jWsYfiJxBkq0V+uVmRw/VicTeHRf+cQgEcSynnkOg7xgqQJSifb7w==",
        "dependencies": {
          "Microsoft.NETCore.Platforms": "2.1.0",
          "Microsoft.Net.Native.Compiler": "2.2.10-rel-29722-00",
          "Microsoft.Net.UWPCoreRuntimeSdk": "2.2.12",
          "NETStandard.Library": "2.0.3",
          "runtime.win10-x64-aot.Microsoft.NETCore.UniversalWindowsPlatform": "6.2.12"
        }
      },
      "Microsoft.Web.WebView2": {
        "type": "Transitive",
        "resolved": "1.0.1264.42",
        "contentHash": "7OBUTkzQ5VI/3gb0ufi5U4zjuCowAJwQg2li0zXXzqkM+S1kmOlivTy1R4jAW+gY5Vyg510M+qMAESCQUjrfgA=="
      },
      "runtime.win10-x64-aot.Microsoft.NETCore.UniversalWindowsPlatform": {
        "type": "Transitive",
        "resolved": "6.2.12",
        "contentHash": "XntXWWqiIyBUCDBAF82Qu8ngsZQdUEgIErTFaaGeIHDH5HWMt8nJ9n9rwEmUFG1PWNf/5nEmm4o5bCrKomIVbA=="
      }
    },
    "native,Version=v0.0/win10-x86": {
      "Microsoft.NETCore.UniversalWindowsPlatform": {
        "type": "Transitive",
        "resolved": "6.2.12",
        "contentHash": "df3mwtb9FHbMNE9ddOqNQVdK5S2CQc/i+jWsYfiJxBkq0V+uVmRw/VicTeHRf+cQgEcSynnkOg7xgqQJSifb7w==",
        "dependencies": {
          "Microsoft.NETCore.Platforms": "2.1.0",
          "Microsoft.Net.Native.Compiler": "2.2.10-rel-29722-00",
          "Microsoft.Net.UWPCoreRuntimeSdk": "2.2.12",
          "NETStandard.Library": "2.0.3",
          "runtime.win10-x86.Microsoft.NETCore.UniversalWindowsPlatform": "6.2.12"
        }
      },
      "Microsoft.Web.WebView2": {
        "type": "Transitive",
        "resolved": "1.0.1264.42",
        "contentHash": "7OBUTkzQ5VI/3gb0ufi5U4zjuCowAJwQg2li0zXXzqkM+S1kmOlivTy1R4jAW+gY5Vyg510M+qMAESCQUjrfgA=="
      },
      "runtime.win10-x86.Microsoft.NETCore.UniversalWindowsPlatform": {
        "type": "Transitive",
        "resolved": "6.2.12",
        "contentHash": "xKqRlmPFq8Ym+cREqMcNs2488Qdu+5prYkKPl8yk3I9hEgDfrGw0ykErR5U3Ppnt7k9A7a89WAE0f0WypR1JbQ=="
      }
    },
    "native,Version=v0.0/win10-x86-aot": {
      "Microsoft.NETCore.UniversalWindowsPlatform": {
        "type": "Transitive",
        "resolved": "6.2.12",
        "contentHash": "df3mwtb9FHbMNE9ddOqNQVdK5S2CQc/i+jWsYfiJxBkq0V+uVmRw/VicTeHRf+cQgEcSynnkOg7xgqQJSifb7w==",
        "dependencies": {
          "Microsoft.NETCore.Platforms": "2.1.0",
          "Microsoft.Net.Native.Compiler": "2.2.10-rel-29722-00",
          "Microsoft.Net.UWPCoreRuntimeSdk": "2.2.12",
          "NETStandard.Library": "2.0.3",
          "runtime.win10-x86-aot.Microsoft.NETCore.UniversalWindowsPlatform": "6.2.12"
        }
      },
      "Microsoft.Web.WebView2": {
        "type": "Transitive",
        "resolved": "1.0.1264.42",
        "contentHash": "7OBUTkzQ5VI/3gb0ufi5U4zjuCowAJwQg2li0zXXzqkM+S1kmOlivTy1R4jAW+gY5Vyg510M+qMAESCQUjrfgA=="
      },
      "runtime.win10-x86-aot.Microsoft.NETCore.UniversalWindowsPlatform": {
        "type": "Transitive",
        "resolved": "6.2.12",
        "contentHash": "saACFuL1P/Iu4cLvMcTM1zDB/M80zvsjlH6xUngz6LNrJL5ogEEHYJez8c3q3ccLECQgRaesX3oVfbiyPCL0Aw=="
      }
    }
  }
}